<?xml version="1.0" encoding="utf-8"?>
<Project ToolsVersion="4.0" xmlns="http://schemas.microsoft.com/developer/msbuild/2003">
  <ItemGroup>
    <ClCompile Include="..\precomp.cpp" />
    <ClCompile Include="..\Objects\Object.cpp">
      <Filter>Objects</Filter>
    </ClCompile>
    <ClCompile Include="..\Components\BaseComponent.cpp">
      <Filter>Components</Filter>
    </ClCompile>
    <ClCompile Include="..\Scene\Scene.cpp">
      <Filter>Scene</Filter>
    </ClCompile>
    <ClCompile Include="..\Engine\Engine.cpp">
      <Filter>Engine</Filter>
    </ClCompile>
    <ClCompile Include="..\Engine\LocalSetting.cpp">
      <Filter>Engine</Filter>
    </ClCompile>
    <ClCompile Include="..\Components\TransformComponent.cpp">
      <Filter>Components</Filter>
    </ClCompile>
    <ClCompile Include="..\Components\TextureComponent.cpp">
      <Filter>Components</Filter>
    </ClCompile>
    <ClCompile Include="..\Components\MeshComponent.cpp">
      <Filter>Components</Filter>
    </ClCompile>
    <ClCompile Include="..\Components\LightComponent.cpp">
      <Filter>Components</Filter>
    </ClCompile>
    <ClCompile Include="..\Components\CameraComponent.cpp">
      <Filter>Components</Filter>
    </ClCompile>
    <ClCompile Include="..\Other\Timer.cpp">
      <Filter>Other</Filter>
    </ClCompile>
  </ItemGroup>
  <ItemGroup>
    <ClInclude Include="..\precomp.h" />
    <ClInclude Include="..\Objects\Object.h">
      <Filter>Objects</Filter>
    </ClInclude>
    <ClInclude Include="..\Components\BaseComponent.h">
      <Filter>Components</Filter>
    </ClInclude>
    <ClInclude Include="..\..\Settings.h" />
    <ClInclude Include="..\Scene\Scene.h">
      <Filter>Scene</Filter>
    </ClInclude>
    <ClInclude Include="..\TinyEngine.h" />
    <ClInclude Include="..\Engine\Engine.h">
      <Filter>Engine</Filter>
    </ClInclude>
    <ClInclude Include="..\Engine\EngineDefs.h">
      <Filter>Engine</Filter>
    </ClInclude>
    <ClInclude Include="..\Engine\LocalSetting.h">
      <Filter>Engine</Filter>
    </ClInclude>
    <ClInclude Include="..\Components\TransformComponent.h">
      <Filter>Components</Filter>
    </ClInclude>
    <ClInclude Include="..\Components\TextureComponent.h">
      <Filter>Components</Filter>
    </ClInclude>
    <ClInclude Include="..\Components\MeshComponent.h">
      <Filter>Components</Filter>
    </ClInclude>
    <ClInclude Include="..\Components\LightComponent.h">
      <Filter>Components</Filter>
    </ClInclude>
    <ClInclude Include="..\Components\CameraComponent.h">
      <Filter>Components</Filter>
    </ClInclude>
    <ClInclude Include="..\Engine\TinyAssert.h">
      <Filter>Engine</Filter>
    </ClInclude>
    <ClInclude Include="..\Other\Timer.h">
      <Filter>Other</Filter>
    </ClInclude>
  </ItemGroup>
  <ItemGroup>
    <Filter Include="Objects">
      <UniqueIdentifier>{3102552a-651e-419a-9ce5-b99f4353d228}</UniqueIdentifier>
    </Filter>
    <Filter Include="Actions">
      <UniqueIdentifier>{85b47a4b-f23e-45e1-b095-4de4d1b3482d}</UniqueIdentifier>
    </Filter>
    <Filter Include="Components">
      <UniqueIdentifier>{229113c3-80f2-4f7a-b156-8690871b3f5f}</UniqueIdentifier>
    </Filter>
    <Filter Include="Scene">
      <UniqueIdentifier>{956f9340-d01c-426e-afab-c0530d38dfd0}</UniqueIdentifier>
    </Filter>
    <Filter Include="Engine">
      <UniqueIdentifier>{26a73b9e-3bac-4298-ba5f-bb224a6b8fbf}</UniqueIdentifier>
    </Filter>
    <Filter Include="Other">
      <UniqueIdentifier>{a14b52ef-f878-47e3-b028-d6cdd53e8fba}</UniqueIdentifier>
    </Filter>
  </ItemGroup>
</Project>