<?xml version="1.0" encoding="utf-8"?>
<Project ToolsVersion="4.0" xmlns="http://schemas.microsoft.com/developer/msbuild/2003">
  <ItemGroup>
    <ClCompile Include="..\precomp.cpp" />
    <ClCompile Include="..\Objects\Object.cpp">
      <Filter>Objects</Filter>
    </ClCompile>
    <ClCompile Include="..\Components\BaseComponent.cpp">
      <Filter>Components</Filter>
    </ClCompile>
    <ClCompile Include="..\Scene\Scene.cpp">
      <Filter>Scene</Filter>
    </ClCompile>
    <ClCompile Include="..\Engine\Engine.cpp">
      <Filter>Engine</Filter>
    </ClCompile>
    <ClCompile Include="..\Engine\LocalSetting.cpp">
      <Filter>Engine</Filter>
    </ClCompile>
    <ClCompile Include="..\Components\TransformComponent.cpp">
      <Filter>Components</Filter>
    </ClCompile>
    <ClCompile Include="..\Components\TextureComponent.cpp">
      <Filter>Components</Filter>
    </ClCompile>
    <ClCompile Include="..\Components\MeshComponent.cpp">
      <Filter>Components</Filter>
    </ClCompile>
    <ClCompile Include="..\Components\CameraComponent.cpp">
      <Filter>Components</Filter>
    </ClCompile>
    <ClCompile Include="..\Other\Timer.cpp">
      <Filter>Other</Filter>
    </ClCompile>
    <ClCompile Include="..\Other\TimerManager.cpp">
      <Filter>Other</Filter>
    </ClCompile>
    <ClCompile Include="..\Input\InputManager.cpp">
      <Filter>Input</Filter>
    </ClCompile>
    <ClCompile Include="..\Input\Windows\InputManagerWin.cpp">
      <Filter>Input\Windows</Filter>
    </ClCompile>
    <ClCompile Include="..\..\ThirdParty\lua_5_3_3\lapi.c">
      <Filter>ThirdParty\lua_5_3_3</Filter>
    </ClCompile>
    <ClCompile Include="..\..\ThirdParty\lua_5_3_3\lauxlib.c">
      <Filter>ThirdParty\lua_5_3_3</Filter>
    </ClCompile>
    <ClCompile Include="..\..\ThirdParty\lua_5_3_3\lbaselib.c">
      <Filter>ThirdParty\lua_5_3_3</Filter>
    </ClCompile>
    <ClCompile Include="..\..\ThirdParty\lua_5_3_3\lbitlib.c">
      <Filter>ThirdParty\lua_5_3_3</Filter>
    </ClCompile>
    <ClCompile Include="..\..\ThirdParty\lua_5_3_3\lcode.c">
      <Filter>ThirdParty\lua_5_3_3</Filter>
    </ClCompile>
    <ClCompile Include="..\..\ThirdParty\lua_5_3_3\lcorolib.c">
      <Filter>ThirdParty\lua_5_3_3</Filter>
    </ClCompile>
    <ClCompile Include="..\..\ThirdParty\lua_5_3_3\lctype.c">
      <Filter>ThirdParty\lua_5_3_3</Filter>
    </ClCompile>
    <ClCompile Include="..\..\ThirdParty\lua_5_3_3\ldblib.c">
      <Filter>ThirdParty\lua_5_3_3</Filter>
    </ClCompile>
    <ClCompile Include="..\..\ThirdParty\lua_5_3_3\ldebug.c">
      <Filter>ThirdParty\lua_5_3_3</Filter>
    </ClCompile>
    <ClCompile Include="..\..\ThirdParty\lua_5_3_3\ldo.c">
      <Filter>ThirdParty\lua_5_3_3</Filter>
    </ClCompile>
    <ClCompile Include="..\..\ThirdParty\lua_5_3_3\ldump.c">
      <Filter>ThirdParty\lua_5_3_3</Filter>
    </ClCompile>
    <ClCompile Include="..\..\ThirdParty\lua_5_3_3\lfunc.c">
      <Filter>ThirdParty\lua_5_3_3</Filter>
    </ClCompile>
    <ClCompile Include="..\..\ThirdParty\lua_5_3_3\lgc.c">
      <Filter>ThirdParty\lua_5_3_3</Filter>
    </ClCompile>
    <ClCompile Include="..\..\ThirdParty\lua_5_3_3\linit.c">
      <Filter>ThirdParty\lua_5_3_3</Filter>
    </ClCompile>
    <ClCompile Include="..\..\ThirdParty\lua_5_3_3\liolib.c">
      <Filter>ThirdParty\lua_5_3_3</Filter>
    </ClCompile>
    <ClCompile Include="..\..\ThirdParty\lua_5_3_3\llex.c">
      <Filter>ThirdParty\lua_5_3_3</Filter>
    </ClCompile>
    <ClCompile Include="..\..\ThirdParty\lua_5_3_3\lmathlib.c">
      <Filter>ThirdParty\lua_5_3_3</Filter>
    </ClCompile>
    <ClCompile Include="..\..\ThirdParty\lua_5_3_3\lmem.c">
      <Filter>ThirdParty\lua_5_3_3</Filter>
    </ClCompile>
    <ClCompile Include="..\..\ThirdParty\lua_5_3_3\loadlib.c">
      <Filter>ThirdParty\lua_5_3_3</Filter>
    </ClCompile>
    <ClCompile Include="..\..\ThirdParty\lua_5_3_3\lobject.c">
      <Filter>ThirdParty\lua_5_3_3</Filter>
    </ClCompile>
    <ClCompile Include="..\..\ThirdParty\lua_5_3_3\lopcodes.c">
      <Filter>ThirdParty\lua_5_3_3</Filter>
    </ClCompile>
    <ClCompile Include="..\..\ThirdParty\lua_5_3_3\loslib.c">
      <Filter>ThirdParty\lua_5_3_3</Filter>
    </ClCompile>
    <ClCompile Include="..\..\ThirdParty\lua_5_3_3\lparser.c">
      <Filter>ThirdParty\lua_5_3_3</Filter>
    </ClCompile>
    <ClCompile Include="..\..\ThirdParty\lua_5_3_3\lstate.c">
      <Filter>ThirdParty\lua_5_3_3</Filter>
    </ClCompile>
    <ClCompile Include="..\..\ThirdParty\lua_5_3_3\lstring.c">
      <Filter>ThirdParty\lua_5_3_3</Filter>
    </ClCompile>
    <ClCompile Include="..\..\ThirdParty\lua_5_3_3\lstrlib.c">
      <Filter>ThirdParty\lua_5_3_3</Filter>
    </ClCompile>
    <ClCompile Include="..\..\ThirdParty\lua_5_3_3\ltable.c">
      <Filter>ThirdParty\lua_5_3_3</Filter>
    </ClCompile>
    <ClCompile Include="..\..\ThirdParty\lua_5_3_3\ltablib.c">
      <Filter>ThirdParty\lua_5_3_3</Filter>
    </ClCompile>
    <ClCompile Include="..\..\ThirdParty\lua_5_3_3\ltm.c">
      <Filter>ThirdParty\lua_5_3_3</Filter>
    </ClCompile>
    <ClCompile Include="..\..\ThirdParty\lua_5_3_3\lundump.c">
      <Filter>ThirdParty\lua_5_3_3</Filter>
    </ClCompile>
    <ClCompile Include="..\..\ThirdParty\lua_5_3_3\lutf8lib.c">
      <Filter>ThirdParty\lua_5_3_3</Filter>
    </ClCompile>
    <ClCompile Include="..\..\ThirdParty\lua_5_3_3\lvm.c">
      <Filter>ThirdParty\lua_5_3_3</Filter>
    </ClCompile>
    <ClCompile Include="..\..\ThirdParty\lua_5_3_3\lzio.c">
      <Filter>ThirdParty\lua_5_3_3</Filter>
    </ClCompile>
    <ClCompile Include="..\ScriptManager\LuaManager.cpp">
      <Filter>ScriptManager</Filter>
    </ClCompile>
    <ClCompile Include="..\Components\ScriptComponent.cpp">
      <Filter>Components</Filter>
    </ClCompile>
    <ClCompile Include="..\ScriptManager\LuaVal.cpp">
      <Filter>ScriptManager</Filter>
    </ClCompile>
    <ClCompile Include="..\ScriptManager\LuaFuncs.cpp">
      <Filter>ScriptManager</Filter>
    </ClCompile>
    <ClCompile Include="..\Components\DirectionLightComponent.cpp">
      <Filter>Components</Filter>
    </ClCompile>
    <ClCompile Include="..\Components\PointLightComponet.cpp">
      <Filter>Components</Filter>
    </ClCompile>
    <ClCompile Include="..\Graphic\GeometryGenerator.cpp">
      <Filter>Graphic</Filter>
    </ClCompile>
    <ClCompile Include="..\Graphic\WavefrontObjReader.cpp">
      <Filter>Graphic</Filter>
    </ClCompile>
    <ClCompile Include="..\Graphic\WavefrontParser.cpp">
      <Filter>Graphic</Filter>
    </ClCompile>
    <ClCompile Include="..\Graphic\WavefrontMtlReader.cpp">
      <Filter>Graphic</Filter>
    </ClCompile>
  </ItemGroup>
  <ItemGroup>
    <ClInclude Include="..\precomp.h" />
    <ClInclude Include="..\Objects\Object.h">
      <Filter>Objects</Filter>
    </ClInclude>
    <ClInclude Include="..\Components\BaseComponent.h">
      <Filter>Components</Filter>
    </ClInclude>
    <ClInclude Include="..\..\Settings.h" />
    <ClInclude Include="..\Scene\Scene.h">
      <Filter>Scene</Filter>
    </ClInclude>
    <ClInclude Include="..\TinyEngine.h" />
    <ClInclude Include="..\Engine\Engine.h">
      <Filter>Engine</Filter>
    </ClInclude>
    <ClInclude Include="..\Engine\EngineDefs.h">
      <Filter>Engine</Filter>
    </ClInclude>
    <ClInclude Include="..\Engine\LocalSetting.h">
      <Filter>Engine</Filter>
    </ClInclude>
    <ClInclude Include="..\Components\TransformComponent.h">
      <Filter>Components</Filter>
    </ClInclude>
    <ClInclude Include="..\Components\TextureComponent.h">
      <Filter>Components</Filter>
    </ClInclude>
    <ClInclude Include="..\Components\MeshComponent.h">
      <Filter>Components</Filter>
    </ClInclude>
    <ClInclude Include="..\Components\CameraComponent.h">
      <Filter>Components</Filter>
    </ClInclude>
    <ClInclude Include="..\Engine\TinyAssert.h">
      <Filter>Engine</Filter>
    </ClInclude>
    <ClInclude Include="..\Other\Timer.h">
      <Filter>Other</Filter>
    </ClInclude>
    <ClInclude Include="..\Other\TimerManager.h">
      <Filter>Other</Filter>
    </ClInclude>
    <ClInclude Include="..\Input\InputManager.h">
      <Filter>Input</Filter>
    </ClInclude>
    <ClInclude Include="..\Input\VirtualButton.h">
      <Filter>Input</Filter>
    </ClInclude>
    <ClInclude Include="..\Input\Windows\InputManagerWin.h">
      <Filter>Input\Windows</Filter>
    </ClInclude>
    <ClInclude Include="..\..\ThirdParty\lua_5_3_3\lapi.h">
      <Filter>ThirdParty\lua_5_3_3</Filter>
    </ClInclude>
    <ClInclude Include="..\..\ThirdParty\lua_5_3_3\lauxlib.h">
      <Filter>ThirdParty\lua_5_3_3</Filter>
    </ClInclude>
    <ClInclude Include="..\..\ThirdParty\lua_5_3_3\lcode.h">
      <Filter>ThirdParty\lua_5_3_3</Filter>
    </ClInclude>
    <ClInclude Include="..\..\ThirdParty\lua_5_3_3\lctype.h">
      <Filter>ThirdParty\lua_5_3_3</Filter>
    </ClInclude>
    <ClInclude Include="..\..\ThirdParty\lua_5_3_3\ldebug.h">
      <Filter>ThirdParty\lua_5_3_3</Filter>
    </ClInclude>
    <ClInclude Include="..\..\ThirdParty\lua_5_3_3\ldo.h">
      <Filter>ThirdParty\lua_5_3_3</Filter>
    </ClInclude>
    <ClInclude Include="..\..\ThirdParty\lua_5_3_3\lfunc.h">
      <Filter>ThirdParty\lua_5_3_3</Filter>
    </ClInclude>
    <ClInclude Include="..\..\ThirdParty\lua_5_3_3\lgc.h">
      <Filter>ThirdParty\lua_5_3_3</Filter>
    </ClInclude>
    <ClInclude Include="..\..\ThirdParty\lua_5_3_3\llex.h">
      <Filter>ThirdParty\lua_5_3_3</Filter>
    </ClInclude>
    <ClInclude Include="..\..\ThirdParty\lua_5_3_3\llimits.h">
      <Filter>ThirdParty\lua_5_3_3</Filter>
    </ClInclude>
    <ClInclude Include="..\..\ThirdParty\lua_5_3_3\lmem.h">
      <Filter>ThirdParty\lua_5_3_3</Filter>
    </ClInclude>
    <ClInclude Include="..\..\ThirdParty\lua_5_3_3\lobject.h">
      <Filter>ThirdParty\lua_5_3_3</Filter>
    </ClInclude>
    <ClInclude Include="..\..\ThirdParty\lua_5_3_3\lopcodes.h">
      <Filter>ThirdParty\lua_5_3_3</Filter>
    </ClInclude>
    <ClInclude Include="..\..\ThirdParty\lua_5_3_3\lparser.h">
      <Filter>ThirdParty\lua_5_3_3</Filter>
    </ClInclude>
    <ClInclude Include="..\..\ThirdParty\lua_5_3_3\lprefix.h">
      <Filter>ThirdParty\lua_5_3_3</Filter>
    </ClInclude>
    <ClInclude Include="..\..\ThirdParty\lua_5_3_3\lstate.h">
      <Filter>ThirdParty\lua_5_3_3</Filter>
    </ClInclude>
    <ClInclude Include="..\..\ThirdParty\lua_5_3_3\lstring.h">
      <Filter>ThirdParty\lua_5_3_3</Filter>
    </ClInclude>
    <ClInclude Include="..\..\ThirdParty\lua_5_3_3\ltable.h">
      <Filter>ThirdParty\lua_5_3_3</Filter>
    </ClInclude>
    <ClInclude Include="..\..\ThirdParty\lua_5_3_3\ltm.h">
      <Filter>ThirdParty\lua_5_3_3</Filter>
    </ClInclude>
    <ClInclude Include="..\..\ThirdParty\lua_5_3_3\lua.h">
      <Filter>ThirdParty\lua_5_3_3</Filter>
    </ClInclude>
    <ClInclude Include="..\..\ThirdParty\lua_5_3_3\lua.hpp">
      <Filter>ThirdParty\lua_5_3_3</Filter>
    </ClInclude>
    <ClInclude Include="..\..\ThirdParty\lua_5_3_3\luaconf.h">
      <Filter>ThirdParty\lua_5_3_3</Filter>
    </ClInclude>
    <ClInclude Include="..\..\ThirdParty\lua_5_3_3\lualib.h">
      <Filter>ThirdParty\lua_5_3_3</Filter>
    </ClInclude>
    <ClInclude Include="..\..\ThirdParty\lua_5_3_3\lundump.h">
      <Filter>ThirdParty\lua_5_3_3</Filter>
    </ClInclude>
    <ClInclude Include="..\..\ThirdParty\lua_5_3_3\lvm.h">
      <Filter>ThirdParty\lua_5_3_3</Filter>
    </ClInclude>
    <ClInclude Include="..\..\ThirdParty\lua_5_3_3\lzio.h">
      <Filter>ThirdParty\lua_5_3_3</Filter>
    </ClInclude>
    <ClInclude Include="..\ScriptManager\LuaManager.h">
      <Filter>ScriptManager</Filter>
    </ClInclude>
    <ClInclude Include="..\Components\ScriptComponent.h">
      <Filter>Components</Filter>
    </ClInclude>
    <ClInclude Include="..\ScriptManager\LuaVal.h">
      <Filter>ScriptManager</Filter>
    </ClInclude>
    <ClInclude Include="..\ScriptManager\LuaFuncs.h">
      <Filter>ScriptManager</Filter>
    </ClInclude>
    <ClInclude Include="..\ScriptManager\LuaDefines.h">
      <Filter>ScriptManager</Filter>
    </ClInclude>
    <ClInclude Include="..\Components\DirectionLightComponent.h">
      <Filter>Components</Filter>
    </ClInclude>
    <ClInclude Include="..\Components\PointLightComponet.h">
      <Filter>Components</Filter>
    </ClInclude>
    <ClInclude Include="..\Graphic\GeometryGenerator.h">
      <Filter>Graphic</Filter>
    </ClInclude>
    <ClInclude Include="..\Graphic\WavefrontObjReader.h">
      <Filter>Graphic</Filter>
    </ClInclude>
    <ClInclude Include="..\Graphic\WavefrontParser.h">
      <Filter>Graphic</Filter>
    </ClInclude>
    <ClInclude Include="..\Graphic\WavefrontMtlReader.h">
      <Filter>Graphic</Filter>
    </ClInclude>
  </ItemGroup>
  <ItemGroup>
    <Filter Include="Objects">
      <UniqueIdentifier>{3102552a-651e-419a-9ce5-b99f4353d228}</UniqueIdentifier>
    </Filter>
    <Filter Include="Components">
      <UniqueIdentifier>{229113c3-80f2-4f7a-b156-8690871b3f5f}</UniqueIdentifier>
    </Filter>
    <Filter Include="Scene">
      <UniqueIdentifier>{956f9340-d01c-426e-afab-c0530d38dfd0}</UniqueIdentifier>
    </Filter>
    <Filter Include="Engine">
      <UniqueIdentifier>{26a73b9e-3bac-4298-ba5f-bb224a6b8fbf}</UniqueIdentifier>
    </Filter>
    <Filter Include="Other">
      <UniqueIdentifier>{a14b52ef-f878-47e3-b028-d6cdd53e8fba}</UniqueIdentifier>
    </Filter>
    <Filter Include="Input">
      <UniqueIdentifier>{36567ece-30e8-420e-8194-4291d115cbc1}</UniqueIdentifier>
    </Filter>
    <Filter Include="Input\Windows">
      <UniqueIdentifier>{3eddbf53-d5f8-4e48-be1a-64dc871da697}</UniqueIdentifier>
    </Filter>
    <Filter Include="ThirdParty">
      <UniqueIdentifier>{6c3a0041-598e-4165-9b0c-2a8561d969f3}</UniqueIdentifier>
    </Filter>
    <Filter Include="ThirdParty\lua_5_3_3">
      <UniqueIdentifier>{fb5fb820-40c4-4da8-9cdf-c8198a8c3f93}</UniqueIdentifier>
    </Filter>
    <Filter Include="ScriptManager">
      <UniqueIdentifier>{84ecb51d-1398-4016-b571-1531081763f6}</UniqueIdentifier>
    </Filter>
    <Filter Include="Graphic">
      <UniqueIdentifier>{38f41109-1423-4a9e-a8eb-90f976c5f3ed}</UniqueIdentifier>
    </Filter>
  </ItemGroup>
  <ItemGroup>
    <None Include="..\..\ThirdParty\lua_5_3_3\README">
      <Filter>ThirdParty\lua_5_3_3</Filter>
    </None>
    <None Include="..\ScriptManager\LuaManager.inl">
      <Filter>ScriptManager</Filter>
    </None>
  </ItemGroup>
</Project>