
Microsoft Visual Studio Solution File, Format Version 12.00
# Visual Studio 14
VisualStudioVersion = 14.0.24720.0
MinimumVisualStudioVersion = 10.0.40219.1
Project("{8BC9CEB8-8B4A-11D0-8D11-00A0C91BC942}") = "Graphic", "Engine\Graphic\project\Graphic.vcxproj", "{7070F552-7801-44E1-923F-5FDD391906BB}"
EndProject
Project("{8BC9CEB8-8B4A-11D0-8D11-00A0C91BC942}") = "TinyEngine", "Engine\TinyEngine\project\TinyEngine.vcxproj", "{FDC4E310-0F62-4301-8645-2D0A34A92703}"
EndProject
Project("{8BC9CEB8-8B4A-11D0-8D11-00A0C91BC942}") = "WinLancher", "Engine\WinLancher\project\WinLancher.vcxproj", "{B3F2281A-571F-489C-B66B-1DE6C11A99FF}"
EndProject
Project("{8BC9CEB8-8B4A-11D0-8D11-00A0C91BC942}") = "StarWay", "StarWay\project\StarWay.vcxproj", "{5B406D90-1356-43B0-8322-1AEA0E86F3F1}"
EndProject
Project("{8BC9CEB8-8B4A-11D0-8D11-00A0C91BC942}") = "DurangoLancher", "Engine\DurangoLancher\DurangoLancher.vcxproj", "{EFC32A3A-DFE0-40FA-9D34-A27ACD27F8B9}"
EndProject
Project("{8BC9CEB8-8B4A-11D0-8D11-00A0C91BC942}") = "Ash", "Engine\Ash\project\Ash.vcxproj", "{C138A5EE-B50E-470F-BDBE-9600431B27E7}"
EndProject
Project("{8BC9CEB8-8B4A-11D0-8D11-00A0C91BC942}") = "Math", "Engine\Math\project\Math.vcxproj", "{02717FAA-D141-439D-86F3-9A01F194A284}"
EndProject
Global
	GlobalSection(SolutionConfigurationPlatforms) = preSolution
		Debug|Durango = Debug|Durango
		Debug|x64 = Debug|x64
		Debug|x86 = Debug|x86
		Profile|Durango = Profile|Durango
		Profile|x64 = Profile|x64
		Profile|x86 = Profile|x86
		Release|Durango = Release|Durango
		Release|x64 = Release|x64
		Release|x86 = Release|x86
	EndGlobalSection
	GlobalSection(ProjectConfigurationPlatforms) = postSolution
		{7070F552-7801-44E1-923F-5FDD391906BB}.Debug|Durango.ActiveCfg = Debug|Durango
		{7070F552-7801-44E1-923F-5FDD391906BB}.Debug|Durango.Build.0 = Debug|Durango
		{7070F552-7801-44E1-923F-5FDD391906BB}.Debug|x64.ActiveCfg = Debug|x64
		{7070F552-7801-44E1-923F-5FDD391906BB}.Debug|x64.Build.0 = Debug|x64
		{7070F552-7801-44E1-923F-5FDD391906BB}.Debug|x86.ActiveCfg = Debug|Win32
		{7070F552-7801-44E1-923F-5FDD391906BB}.Debug|x86.Build.0 = Debug|Win32
		{7070F552-7801-44E1-923F-5FDD391906BB}.Profile|Durango.ActiveCfg = Release|Durango
		{7070F552-7801-44E1-923F-5FDD391906BB}.Profile|Durango.Build.0 = Release|Durango
		{7070F552-7801-44E1-923F-5FDD391906BB}.Profile|x64.ActiveCfg = Release|x64
		{7070F552-7801-44E1-923F-5FDD391906BB}.Profile|x64.Build.0 = Release|x64
		{7070F552-7801-44E1-923F-5FDD391906BB}.Profile|x86.ActiveCfg = Release|Win32
		{7070F552-7801-44E1-923F-5FDD391906BB}.Profile|x86.Build.0 = Release|Win32
		{7070F552-7801-44E1-923F-5FDD391906BB}.Release|Durango.ActiveCfg = Release|Durango
		{7070F552-7801-44E1-923F-5FDD391906BB}.Release|Durango.Build.0 = Release|Durango
		{7070F552-7801-44E1-923F-5FDD391906BB}.Release|x64.ActiveCfg = Release|x64
		{7070F552-7801-44E1-923F-5FDD391906BB}.Release|x64.Build.0 = Release|x64
		{7070F552-7801-44E1-923F-5FDD391906BB}.Release|x86.ActiveCfg = Release|Win32
		{7070F552-7801-44E1-923F-5FDD391906BB}.Release|x86.Build.0 = Release|Win32
		{FDC4E310-0F62-4301-8645-2D0A34A92703}.Debug|Durango.ActiveCfg = Debug|Durango
		{FDC4E310-0F62-4301-8645-2D0A34A92703}.Debug|Durango.Build.0 = Debug|Durango
		{FDC4E310-0F62-4301-8645-2D0A34A92703}.Debug|x64.ActiveCfg = Debug|x64
		{FDC4E310-0F62-4301-8645-2D0A34A92703}.Debug|x64.Build.0 = Debug|x64
		{FDC4E310-0F62-4301-8645-2D0A34A92703}.Debug|x86.ActiveCfg = Debug|Win32
		{FDC4E310-0F62-4301-8645-2D0A34A92703}.Debug|x86.Build.0 = Debug|Win32
		{FDC4E310-0F62-4301-8645-2D0A34A92703}.Profile|Durango.ActiveCfg = Release|Durango
		{FDC4E310-0F62-4301-8645-2D0A34A92703}.Profile|Durango.Build.0 = Release|Durango
		{FDC4E310-0F62-4301-8645-2D0A34A92703}.Profile|x64.ActiveCfg = Release|x64
		{FDC4E310-0F62-4301-8645-2D0A34A92703}.Profile|x64.Build.0 = Release|x64
		{FDC4E310-0F62-4301-8645-2D0A34A92703}.Profile|x86.ActiveCfg = Release|Win32
		{FDC4E310-0F62-4301-8645-2D0A34A92703}.Profile|x86.Build.0 = Release|Win32
		{FDC4E310-0F62-4301-8645-2D0A34A92703}.Release|Durango.ActiveCfg = Release|Durango
		{FDC4E310-0F62-4301-8645-2D0A34A92703}.Release|Durango.Build.0 = Release|Durango
		{FDC4E310-0F62-4301-8645-2D0A34A92703}.Release|x64.ActiveCfg = Release|x64
		{FDC4E310-0F62-4301-8645-2D0A34A92703}.Release|x64.Build.0 = Release|x64
		{FDC4E310-0F62-4301-8645-2D0A34A92703}.Release|x86.ActiveCfg = Release|Win32
		{FDC4E310-0F62-4301-8645-2D0A34A92703}.Release|x86.Build.0 = Release|Win32
		{B3F2281A-571F-489C-B66B-1DE6C11A99FF}.Debug|Durango.ActiveCfg = Debug|Durango
		{B3F2281A-571F-489C-B66B-1DE6C11A99FF}.Debug|x64.ActiveCfg = Debug|x64
		{B3F2281A-571F-489C-B66B-1DE6C11A99FF}.Debug|x64.Build.0 = Debug|x64
		{B3F2281A-571F-489C-B66B-1DE6C11A99FF}.Debug|x86.ActiveCfg = Debug|Win32
		{B3F2281A-571F-489C-B66B-1DE6C11A99FF}.Debug|x86.Build.0 = Debug|Win32
		{B3F2281A-571F-489C-B66B-1DE6C11A99FF}.Profile|Durango.ActiveCfg = Release|Durango
		{B3F2281A-571F-489C-B66B-1DE6C11A99FF}.Profile|x64.ActiveCfg = Release|x64
		{B3F2281A-571F-489C-B66B-1DE6C11A99FF}.Profile|x64.Build.0 = Release|x64
		{B3F2281A-571F-489C-B66B-1DE6C11A99FF}.Profile|x86.ActiveCfg = Release|Win32
		{B3F2281A-571F-489C-B66B-1DE6C11A99FF}.Profile|x86.Build.0 = Release|Win32
		{B3F2281A-571F-489C-B66B-1DE6C11A99FF}.Release|Durango.ActiveCfg = Release|Durango
		{B3F2281A-571F-489C-B66B-1DE6C11A99FF}.Release|x64.ActiveCfg = Release|x64
		{B3F2281A-571F-489C-B66B-1DE6C11A99FF}.Release|x64.Build.0 = Release|x64
		{B3F2281A-571F-489C-B66B-1DE6C11A99FF}.Release|x86.ActiveCfg = Release|Win32
		{B3F2281A-571F-489C-B66B-1DE6C11A99FF}.Release|x86.Build.0 = Release|Win32
		{5B406D90-1356-43B0-8322-1AEA0E86F3F1}.Debug|Durango.ActiveCfg = Debug|Durango
		{5B406D90-1356-43B0-8322-1AEA0E86F3F1}.Debug|Durango.Build.0 = Debug|Durango
		{5B406D90-1356-43B0-8322-1AEA0E86F3F1}.Debug|x64.ActiveCfg = Debug|x64
		{5B406D90-1356-43B0-8322-1AEA0E86F3F1}.Debug|x64.Build.0 = Debug|x64
		{5B406D90-1356-43B0-8322-1AEA0E86F3F1}.Debug|x86.ActiveCfg = Debug|Win32
		{5B406D90-1356-43B0-8322-1AEA0E86F3F1}.Debug|x86.Build.0 = Debug|Win32
		{5B406D90-1356-43B0-8322-1AEA0E86F3F1}.Profile|Durango.ActiveCfg = Release|Durango
		{5B406D90-1356-43B0-8322-1AEA0E86F3F1}.Profile|Durango.Build.0 = Release|Durango
		{5B406D90-1356-43B0-8322-1AEA0E86F3F1}.Profile|x64.ActiveCfg = Release|x64
		{5B406D90-1356-43B0-8322-1AEA0E86F3F1}.Profile|x64.Build.0 = Release|x64
		{5B406D90-1356-43B0-8322-1AEA0E86F3F1}.Profile|x86.ActiveCfg = Release|Win32
		{5B406D90-1356-43B0-8322-1AEA0E86F3F1}.Profile|x86.Build.0 = Release|Win32
		{5B406D90-1356-43B0-8322-1AEA0E86F3F1}.Release|Durango.ActiveCfg = Release|Durango
		{5B406D90-1356-43B0-8322-1AEA0E86F3F1}.Release|Durango.Build.0 = Release|Durango
		{5B406D90-1356-43B0-8322-1AEA0E86F3F1}.Release|x64.ActiveCfg = Release|x64
		{5B406D90-1356-43B0-8322-1AEA0E86F3F1}.Release|x64.Build.0 = Release|x64
		{5B406D90-1356-43B0-8322-1AEA0E86F3F1}.Release|x86.ActiveCfg = Release|Win32
		{5B406D90-1356-43B0-8322-1AEA0E86F3F1}.Release|x86.Build.0 = Release|Win32
		{EFC32A3A-DFE0-40FA-9D34-A27ACD27F8B9}.Debug|Durango.ActiveCfg = Debug|Durango
		{EFC32A3A-DFE0-40FA-9D34-A27ACD27F8B9}.Debug|Durango.Build.0 = Debug|Durango
		{EFC32A3A-DFE0-40FA-9D34-A27ACD27F8B9}.Debug|Durango.Deploy.0 = Debug|Durango
		{EFC32A3A-DFE0-40FA-9D34-A27ACD27F8B9}.Debug|x64.ActiveCfg = Debug|Durango
		{EFC32A3A-DFE0-40FA-9D34-A27ACD27F8B9}.Debug|x86.ActiveCfg = Debug|Durango
		{EFC32A3A-DFE0-40FA-9D34-A27ACD27F8B9}.Profile|Durango.ActiveCfg = Profile|Durango
		{EFC32A3A-DFE0-40FA-9D34-A27ACD27F8B9}.Profile|Durango.Build.0 = Profile|Durango
		{EFC32A3A-DFE0-40FA-9D34-A27ACD27F8B9}.Profile|Durango.Deploy.0 = Profile|Durango
		{EFC32A3A-DFE0-40FA-9D34-A27ACD27F8B9}.Profile|x64.ActiveCfg = Profile|Durango
		{EFC32A3A-DFE0-40FA-9D34-A27ACD27F8B9}.Profile|x86.ActiveCfg = Profile|Durango
		{EFC32A3A-DFE0-40FA-9D34-A27ACD27F8B9}.Release|Durango.ActiveCfg = Release|Durango
		{EFC32A3A-DFE0-40FA-9D34-A27ACD27F8B9}.Release|Durango.Build.0 = Release|Durango
		{EFC32A3A-DFE0-40FA-9D34-A27ACD27F8B9}.Release|Durango.Deploy.0 = Release|Durango
		{EFC32A3A-DFE0-40FA-9D34-A27ACD27F8B9}.Release|x64.ActiveCfg = Release|Durango
		{EFC32A3A-DFE0-40FA-9D34-A27ACD27F8B9}.Release|x86.ActiveCfg = Release|Durango
		{C138A5EE-B50E-470F-BDBE-9600431B27E7}.Debug|Durango.ActiveCfg = Debug|Durango
		{C138A5EE-B50E-470F-BDBE-9600431B27E7}.Debug|Durango.Build.0 = Debug|Durango
		{C138A5EE-B50E-470F-BDBE-9600431B27E7}.Debug|x64.ActiveCfg = Debug|x64
		{C138A5EE-B50E-470F-BDBE-9600431B27E7}.Debug|x64.Build.0 = Debug|x64
		{C138A5EE-B50E-470F-BDBE-9600431B27E7}.Debug|x86.ActiveCfg = Debug|Win32
		{C138A5EE-B50E-470F-BDBE-9600431B27E7}.Debug|x86.Build.0 = Debug|Win32
		{C138A5EE-B50E-470F-BDBE-9600431B27E7}.Profile|Durango.ActiveCfg = Release|Durango
		{C138A5EE-B50E-470F-BDBE-9600431B27E7}.Profile|Durango.Build.0 = Release|Durango
		{C138A5EE-B50E-470F-BDBE-9600431B27E7}.Profile|x64.ActiveCfg = Release|x64
		{C138A5EE-B50E-470F-BDBE-9600431B27E7}.Profile|x64.Build.0 = Release|x64
		{C138A5EE-B50E-470F-BDBE-9600431B27E7}.Profile|x86.ActiveCfg = Release|Win32
		{C138A5EE-B50E-470F-BDBE-9600431B27E7}.Profile|x86.Build.0 = Release|Win32
		{C138A5EE-B50E-470F-BDBE-9600431B27E7}.Release|Durango.ActiveCfg = Release|Durango
		{C138A5EE-B50E-470F-BDBE-9600431B27E7}.Release|Durango.Build.0 = Release|Durango
		{C138A5EE-B50E-470F-BDBE-9600431B27E7}.Release|x64.ActiveCfg = Release|x64
		{C138A5EE-B50E-470F-BDBE-9600431B27E7}.Release|x64.Build.0 = Release|x64
		{C138A5EE-B50E-470F-BDBE-9600431B27E7}.Release|x86.ActiveCfg = Release|Win32
		{C138A5EE-B50E-470F-BDBE-9600431B27E7}.Release|x86.Build.0 = Release|Win32
		{02717FAA-D141-439D-86F3-9A01F194A284}.Debug|Durango.ActiveCfg = Debug|Durango
		{02717FAA-D141-439D-86F3-9A01F194A284}.Debug|Durango.Build.0 = Debug|Durango
		{02717FAA-D141-439D-86F3-9A01F194A284}.Debug|x64.ActiveCfg = Debug|x64
		{02717FAA-D141-439D-86F3-9A01F194A284}.Debug|x64.Build.0 = Debug|x64
		{02717FAA-D141-439D-86F3-9A01F194A284}.Debug|x86.ActiveCfg = Debug|Win32
		{02717FAA-D141-439D-86F3-9A01F194A284}.Debug|x86.Build.0 = Debug|Win32
		{02717FAA-D141-439D-86F3-9A01F194A284}.Profile|Durango.ActiveCfg = Release|Durango
		{02717FAA-D141-439D-86F3-9A01F194A284}.Profile|Durango.Build.0 = Release|Durango
		{02717FAA-D141-439D-86F3-9A01F194A284}.Profile|x64.ActiveCfg = Release|x64
		{02717FAA-D141-439D-86F3-9A01F194A284}.Profile|x64.Build.0 = Release|x64
		{02717FAA-D141-439D-86F3-9A01F194A284}.Profile|x86.ActiveCfg = Release|Win32
		{02717FAA-D141-439D-86F3-9A01F194A284}.Profile|x86.Build.0 = Release|Win32
		{02717FAA-D141-439D-86F3-9A01F194A284}.Release|Durango.ActiveCfg = Release|Durango
		{02717FAA-D141-439D-86F3-9A01F194A284}.Release|Durango.Build.0 = Release|Durango
		{02717FAA-D141-439D-86F3-9A01F194A284}.Release|x64.ActiveCfg = Release|x64
		{02717FAA-D141-439D-86F3-9A01F194A284}.Release|x64.Build.0 = Release|x64
		{02717FAA-D141-439D-86F3-9A01F194A284}.Release|x86.ActiveCfg = Release|Win32
		{02717FAA-D141-439D-86F3-9A01F194A284}.Release|x86.Build.0 = Release|Win32
	EndGlobalSection
	GlobalSection(SolutionProperties) = preSolution
		HideSolutionNode = FALSE
	EndGlobalSection
EndGlobal
