<?xml version="1.0" encoding="utf-8"?>
<Project ToolsVersion="4.0" xmlns="http://schemas.microsoft.com/developer/msbuild/2003">
  <ItemGroup>
    <Filter Include="源文件">
      <UniqueIdentifier>{4FC737F1-C7A5-4376-A066-2A32D752A2FF}</UniqueIdentifier>
      <Extensions>cpp;c;cc;cxx;def;odl;idl;hpj;bat;asm;asmx</Extensions>
    </Filter>
  </ItemGroup>
  <ItemGroup>
    <ClCompile Include="..\..\..\Engine\ThirdParty\lua_5_3_3\luac.c">
      <Filter>源文件</Filter>
    </ClCompile>
    <ClCompile Include="..\..\..\Engine\ThirdParty\lua_5_3_3\lapi.c">
      <Filter>源文件</Filter>
    </ClCompile>
    <ClCompile Include="..\..\..\Engine\ThirdParty\lua_5_3_3\lauxlib.c">
      <Filter>源文件</Filter>
    </ClCompile>
    <ClCompile Include="..\..\..\Engine\ThirdParty\lua_5_3_3\lbaselib.c">
      <Filter>源文件</Filter>
    </ClCompile>
    <ClCompile Include="..\..\..\Engine\ThirdParty\lua_5_3_3\lbitlib.c">
      <Filter>源文件</Filter>
    </ClCompile>
    <ClCompile Include="..\..\..\Engine\ThirdParty\lua_5_3_3\lcode.c">
      <Filter>源文件</Filter>
    </ClCompile>
    <ClCompile Include="..\..\..\Engine\ThirdParty\lua_5_3_3\lcorolib.c">
      <Filter>源文件</Filter>
    </ClCompile>
    <ClCompile Include="..\..\..\Engine\ThirdParty\lua_5_3_3\lctype.c">
      <Filter>源文件</Filter>
    </ClCompile>
    <ClCompile Include="..\..\..\Engine\ThirdParty\lua_5_3_3\ldblib.c">
      <Filter>源文件</Filter>
    </ClCompile>
    <ClCompile Include="..\..\..\Engine\ThirdParty\lua_5_3_3\ldebug.c">
      <Filter>源文件</Filter>
    </ClCompile>
    <ClCompile Include="..\..\..\Engine\ThirdParty\lua_5_3_3\ldo.c">
      <Filter>源文件</Filter>
    </ClCompile>
    <ClCompile Include="..\..\..\Engine\ThirdParty\lua_5_3_3\ldump.c">
      <Filter>源文件</Filter>
    </ClCompile>
    <ClCompile Include="..\..\..\Engine\ThirdParty\lua_5_3_3\lfunc.c">
      <Filter>源文件</Filter>
    </ClCompile>
    <ClCompile Include="..\..\..\Engine\ThirdParty\lua_5_3_3\lgc.c">
      <Filter>源文件</Filter>
    </ClCompile>
    <ClCompile Include="..\..\..\Engine\ThirdParty\lua_5_3_3\linit.c">
      <Filter>源文件</Filter>
    </ClCompile>
    <ClCompile Include="..\..\..\Engine\ThirdParty\lua_5_3_3\liolib.c">
      <Filter>源文件</Filter>
    </ClCompile>
    <ClCompile Include="..\..\..\Engine\ThirdParty\lua_5_3_3\llex.c">
      <Filter>源文件</Filter>
    </ClCompile>
    <ClCompile Include="..\..\..\Engine\ThirdParty\lua_5_3_3\lmathlib.c">
      <Filter>源文件</Filter>
    </ClCompile>
    <ClCompile Include="..\..\..\Engine\ThirdParty\lua_5_3_3\lmem.c">
      <Filter>源文件</Filter>
    </ClCompile>
    <ClCompile Include="..\..\..\Engine\ThirdParty\lua_5_3_3\loadlib.c">
      <Filter>源文件</Filter>
    </ClCompile>
    <ClCompile Include="..\..\..\Engine\ThirdParty\lua_5_3_3\lobject.c">
      <Filter>源文件</Filter>
    </ClCompile>
    <ClCompile Include="..\..\..\Engine\ThirdParty\lua_5_3_3\lopcodes.c">
      <Filter>源文件</Filter>
    </ClCompile>
    <ClCompile Include="..\..\..\Engine\ThirdParty\lua_5_3_3\loslib.c">
      <Filter>源文件</Filter>
    </ClCompile>
    <ClCompile Include="..\..\..\Engine\ThirdParty\lua_5_3_3\lparser.c">
      <Filter>源文件</Filter>
    </ClCompile>
    <ClCompile Include="..\..\..\Engine\ThirdParty\lua_5_3_3\lstate.c">
      <Filter>源文件</Filter>
    </ClCompile>
    <ClCompile Include="..\..\..\Engine\ThirdParty\lua_5_3_3\lstring.c">
      <Filter>源文件</Filter>
    </ClCompile>
    <ClCompile Include="..\..\..\Engine\ThirdParty\lua_5_3_3\lstrlib.c">
      <Filter>源文件</Filter>
    </ClCompile>
    <ClCompile Include="..\..\..\Engine\ThirdParty\lua_5_3_3\ltable.c">
      <Filter>源文件</Filter>
    </ClCompile>
    <ClCompile Include="..\..\..\Engine\ThirdParty\lua_5_3_3\ltablib.c">
      <Filter>源文件</Filter>
    </ClCompile>
    <ClCompile Include="..\..\..\Engine\ThirdParty\lua_5_3_3\ltm.c">
      <Filter>源文件</Filter>
    </ClCompile>
    <ClCompile Include="..\..\..\Engine\ThirdParty\lua_5_3_3\lundump.c">
      <Filter>源文件</Filter>
    </ClCompile>
    <ClCompile Include="..\..\..\Engine\ThirdParty\lua_5_3_3\lutf8lib.c">
      <Filter>源文件</Filter>
    </ClCompile>
    <ClCompile Include="..\..\..\Engine\ThirdParty\lua_5_3_3\lvm.c">
      <Filter>源文件</Filter>
    </ClCompile>
    <ClCompile Include="..\..\..\Engine\ThirdParty\lua_5_3_3\lzio.c">
      <Filter>源文件</Filter>
    </ClCompile>
  </ItemGroup>
  <ItemGroup>
    <ClInclude Include="..\..\..\Engine\ThirdParty\lua_5_3_3\lapi.h">
      <Filter>源文件</Filter>
    </ClInclude>
    <ClInclude Include="..\..\..\Engine\ThirdParty\lua_5_3_3\lauxlib.h">
      <Filter>源文件</Filter>
    </ClInclude>
    <ClInclude Include="..\..\..\Engine\ThirdParty\lua_5_3_3\lcode.h">
      <Filter>源文件</Filter>
    </ClInclude>
    <ClInclude Include="..\..\..\Engine\ThirdParty\lua_5_3_3\lctype.h">
      <Filter>源文件</Filter>
    </ClInclude>
    <ClInclude Include="..\..\..\Engine\ThirdParty\lua_5_3_3\ldebug.h">
      <Filter>源文件</Filter>
    </ClInclude>
    <ClInclude Include="..\..\..\Engine\ThirdParty\lua_5_3_3\ldo.h">
      <Filter>源文件</Filter>
    </ClInclude>
    <ClInclude Include="..\..\..\Engine\ThirdParty\lua_5_3_3\lfunc.h">
      <Filter>源文件</Filter>
    </ClInclude>
    <ClInclude Include="..\..\..\Engine\ThirdParty\lua_5_3_3\lgc.h">
      <Filter>源文件</Filter>
    </ClInclude>
    <ClInclude Include="..\..\..\Engine\ThirdParty\lua_5_3_3\llex.h">
      <Filter>源文件</Filter>
    </ClInclude>
    <ClInclude Include="..\..\..\Engine\ThirdParty\lua_5_3_3\llimits.h">
      <Filter>源文件</Filter>
    </ClInclude>
    <ClInclude Include="..\..\..\Engine\ThirdParty\lua_5_3_3\lmem.h">
      <Filter>源文件</Filter>
    </ClInclude>
    <ClInclude Include="..\..\..\Engine\ThirdParty\lua_5_3_3\lobject.h">
      <Filter>源文件</Filter>
    </ClInclude>
    <ClInclude Include="..\..\..\Engine\ThirdParty\lua_5_3_3\lopcodes.h">
      <Filter>源文件</Filter>
    </ClInclude>
    <ClInclude Include="..\..\..\Engine\ThirdParty\lua_5_3_3\lparser.h">
      <Filter>源文件</Filter>
    </ClInclude>
    <ClInclude Include="..\..\..\Engine\ThirdParty\lua_5_3_3\lprefix.h">
      <Filter>源文件</Filter>
    </ClInclude>
    <ClInclude Include="..\..\..\Engine\ThirdParty\lua_5_3_3\lstate.h">
      <Filter>源文件</Filter>
    </ClInclude>
    <ClInclude Include="..\..\..\Engine\ThirdParty\lua_5_3_3\lstring.h">
      <Filter>源文件</Filter>
    </ClInclude>
    <ClInclude Include="..\..\..\Engine\ThirdParty\lua_5_3_3\ltable.h">
      <Filter>源文件</Filter>
    </ClInclude>
    <ClInclude Include="..\..\..\Engine\ThirdParty\lua_5_3_3\ltm.h">
      <Filter>源文件</Filter>
    </ClInclude>
    <ClInclude Include="..\..\..\Engine\ThirdParty\lua_5_3_3\lua.h">
      <Filter>源文件</Filter>
    </ClInclude>
    <ClInclude Include="..\..\..\Engine\ThirdParty\lua_5_3_3\lua.hpp">
      <Filter>源文件</Filter>
    </ClInclude>
    <ClInclude Include="..\..\..\Engine\ThirdParty\lua_5_3_3\luaconf.h">
      <Filter>源文件</Filter>
    </ClInclude>
    <ClInclude Include="..\..\..\Engine\ThirdParty\lua_5_3_3\lualib.h">
      <Filter>源文件</Filter>
    </ClInclude>
    <ClInclude Include="..\..\..\Engine\ThirdParty\lua_5_3_3\lundump.h">
      <Filter>源文件</Filter>
    </ClInclude>
    <ClInclude Include="..\..\..\Engine\ThirdParty\lua_5_3_3\lvm.h">
      <Filter>源文件</Filter>
    </ClInclude>
    <ClInclude Include="..\..\..\Engine\ThirdParty\lua_5_3_3\lzio.h">
      <Filter>源文件</Filter>
    </ClInclude>
  </ItemGroup>
  <ItemGroup>
    <None Include="..\..\..\Engine\ThirdParty\lua_5_3_3\README">
      <Filter>源文件</Filter>
    </None>
  </ItemGroup>
</Project>