<?xml version="1.0" encoding="utf-8"?>
<Project ToolsVersion="4.0" xmlns="http://schemas.microsoft.com/developer/msbuild/2003">
  <ItemGroup>
    <ClInclude Include="..\quaternion\Quaternion.h">
      <Filter>quaternion</Filter>
    </ClInclude>
    <ClInclude Include="..\vector\Vector.h">
      <Filter>vector</Filter>
    </ClInclude>
    <ClInclude Include="..\matrix\Matrix.h">
      <Filter>matrix</Filter>
    </ClInclude>
    <ClInclude Include="..\MathDef.h" />
    <ClInclude Include="..\shape\Rect.h">
      <Filter>rect</Filter>
    </ClInclude>
  </ItemGroup>
  <ItemGroup>
    <Filter Include="vector">
      <UniqueIdentifier>{9f342ac7-d947-49d4-8ae8-8885e7318d17}</UniqueIdentifier>
    </Filter>
    <Filter Include="matrix">
      <UniqueIdentifier>{6c843e4c-db57-4f7b-8563-3018008a0019}</UniqueIdentifier>
    </Filter>
    <Filter Include="quaternion">
      <UniqueIdentifier>{0a3af3b3-22a3-4f87-b76b-0fd6952e8360}</UniqueIdentifier>
    </Filter>
    <Filter Include="rect">
      <UniqueIdentifier>{405696ef-3eb8-44ad-b7a9-7b86fee74efe}</UniqueIdentifier>
    </Filter>
  </ItemGroup>
  <ItemGroup>
    <None Include="..\vector\Vector.inl">
      <Filter>vector</Filter>
    </None>
    <None Include="..\matrix\Matrix.inl">
      <Filter>matrix</Filter>
    </None>
    <None Include="..\quaternion\Quaternion.inl">
      <Filter>quaternion</Filter>
    </None>
    <None Include="..\shape\Rect.inl">
      <Filter>rect</Filter>
    </None>
  </ItemGroup>
</Project>